Microsoft Visual Studio Solution File, Format Version 11.00
# Visual Studio 2008

Project("{A94D4950-BBA6-053A-B0FA-6FEB2EBE04EC}") = "Virus", "Assembly-CSharp.csproj", "{EAD29086-7071-3560-4C11-4B0AB268FA89}"
EndProject
Global
	GlobalSection(SolutionConfigurationPlatforms) = preSolution
		Debug|Any CPU = Debug|Any CPU
		Release|Any CPU = Release|Any CPU
	EndGlobalSection
	GlobalSection(ProjectConfigurationPlatforms) = postSolution
		{EAD29086-7071-3560-4C11-4B0AB268FA89}.Debug|Any CPU.ActiveCfg = Debug|Any CPU
		{EAD29086-7071-3560-4C11-4B0AB268FA89}.Debug|Any CPU.Build.0 = Debug|Any CPU
		{EAD29086-7071-3560-4C11-4B0AB268FA89}.Release|Any CPU.ActiveCfg = Release|Any CPU
		{EAD29086-7071-3560-4C11-4B0AB268FA89}.Release|Any CPU.Build.0 = Release|Any CPU
	EndGlobalSection
	GlobalSection(SolutionProperties) = preSolution
		HideSolutionNode = FALSE
	EndGlobalSection
	GlobalSection(MonoDevelopProperties) = preSolution
		StartupItem = Assembly-CSharp.csproj
	EndGlobalSection
EndGlobal
