Microsoft Visual Studio Solution File, Format Version 11.00
# Visual Studio 2008

Project("{86AC121B-87DA-32D2-F7E4-DD0DAD101A45}") = "WEROUND", "Assembly-CSharp.csproj", "{6461BD3E-63CE-3B3F-A55F-29E667352BC2}"
EndProject
Global
	GlobalSection(SolutionConfigurationPlatforms) = preSolution
		Debug|Any CPU = Debug|Any CPU
		Release|Any CPU = Release|Any CPU
	EndGlobalSection
	GlobalSection(ProjectConfigurationPlatforms) = postSolution
		{6461BD3E-63CE-3B3F-A55F-29E667352BC2}.Debug|Any CPU.ActiveCfg = Debug|Any CPU
		{6461BD3E-63CE-3B3F-A55F-29E667352BC2}.Debug|Any CPU.Build.0 = Debug|Any CPU
		{6461BD3E-63CE-3B3F-A55F-29E667352BC2}.Release|Any CPU.ActiveCfg = Release|Any CPU
		{6461BD3E-63CE-3B3F-A55F-29E667352BC2}.Release|Any CPU.Build.0 = Release|Any CPU
	EndGlobalSection
	GlobalSection(SolutionProperties) = preSolution
		HideSolutionNode = FALSE
	EndGlobalSection
	GlobalSection(MonoDevelopProperties) = preSolution
		StartupItem = Assembly-CSharp.csproj
	EndGlobalSection
EndGlobal
